PODS:
  - Alamofire (4.7.3)
  - AlamofireObjectMapper (5.1.0):
    - Alamofire (~> 4.1)
    - ObjectMapper (~> 3.3)
  - Kingfisher (5.3.1)
  - ObjectMapper (3.4.2)

DEPENDENCIES:
  - Alamofire (~> 4.7.3)
  - AlamofireObjectMapper (~> 5.1.0)
  - Kingfisher
  - ObjectMapper (~> 3.4)

SPEC REPOS:
  https://github.com/cocoapods/specs.git:
    - Alamofire
    - AlamofireObjectMapper
    - Kingfisher
    - ObjectMapper

SPEC CHECKSUMS:
  Alamofire: c7287b6e5d7da964a70935e5db17046b7fde6568
  AlamofireObjectMapper: 3395e698901d8b0e6f48b7d0c43bd47875325102
  Kingfisher: d9e7e0b209b59b8f9873aa2f37654e81a7beea51
  ObjectMapper: 0d4402610f4e468903ae64629eec4784531e5c51

PODFILE CHECKSUM: 42cd8bac42e707388520364b52a438a9c20b05d0

COCOAPODS: 1.5.3
